
Microsoft Visual Studio Solution File, Format Version 12.00
Project("{FAE04EC0-301F-11D3-BF4B-00C04F79EFBC}") = "vertex-ai-tool", "vertex-ai-tool\vertex-ai-tool.csproj", "{FC5F0C0A-EBBA-4527-AC05-66CAC36ABED6}"
EndProject
Global
	GlobalSection(SolutionConfigurationPlatforms) = preSolution
		Debug|Any CPU = Debug|Any CPU
		Release|Any CPU = Release|Any CPU
	EndGlobalSection
	GlobalSection(ProjectConfigurationPlatforms) = postSolution
		{FC5F0C0A-EBBA-4527-AC05-66CAC36ABED6}.Debug|Any CPU.ActiveCfg = Debug|Any CPU
		{FC5F0C0A-EBBA-4527-AC05-66CAC36ABED6}.Debug|Any CPU.Build.0 = Debug|Any CPU
		{FC5F0C0A-EBBA-4527-AC05-66CAC36ABED6}.Release|Any CPU.ActiveCfg = Release|Any CPU
		{FC5F0C0A-EBBA-4527-AC05-66CAC36ABED6}.Release|Any CPU.Build.0 = Release|Any CPU
	EndGlobalSection
EndGlobal
